version = 1
revision = 3
requires-python = ">=3.14"

[[package]]
name = "asgiref"
version = "3.4.1"
source = { registry = "https://pypi.org/simple" }
sdist = { url = "https://files.pythonhosted.org/packages/07/93/3618b68b4ba6b54bc97b5fd7d90e4981471edfaf51c8321a29a3c76cf47c/asgiref-3.4.1.tar.gz", hash = "sha256:4ef1ab46b484e3c706329cedeff284a5d40824200638503f5768edb6de7d58e9", size = 32529, upload-time = "2021-07-01T16:17:42.656Z" }
wheels = [
    { url = "https://files.pythonhosted.org/packages/fe/66/577f32b54c50dcd8dec38447258e82ed327ecb86820d67ae7b3dea784f13/asgiref-3.4.1-py3-none-any.whl", hash = "sha256:ffc141aa908e6f175673e7b1b3b7af4fdb0ecb738fc5c8b88f69f055c2415214", size = 25019, upload-time = "2021-07-01T16:17:40.824Z" },
]

[[package]]
name = "django"
version = "4.0.6"
source = { registry = "https://pypi.org/simple" }
dependencies = [
    { name = "asgiref" },
    { name = "sqlparse" },
    { name = "tzdata", marker = "sys_platform == 'win32'" },
]
sdist = { url = "https://files.pythonhosted.org/packages/a4/17/b10aa26d7a566a3c19e9d29fac39c8643cbceb6cd7649a378d676839b5db/Django-4.0.6.tar.gz", hash = "sha256:a67a793ff6827fd373555537dca0da293a63a316fe34cb7f367f898ccca3c3ae", size = 10389543, upload-time = "2022-07-04T07:57:34.578Z" }
wheels = [
    { url = "https://files.pythonhosted.org/packages/12/97/e341b13d605a9d0732a37975ce6bfae643c296721b8644f42d5d720c99bf/Django-4.0.6-py3-none-any.whl", hash = "sha256:ca54ebedfcbc60d191391efbf02ba68fb52165b8bf6ccd6fe71f098cac1fe59e", size = 8041873, upload-time = "2022-07-04T07:57:23.824Z" },
]

[[package]]
name = "django-sample"
version = "0.1.0"
source = { virtual = "." }
dependencies = [
    { name = "asgiref" },
    { name = "django" },
    { name = "legacy-cgi" },
    { name = "pytz" },
    { name = "sqlparse" },
]

[package.metadata]
requires-dist = [
    { name = "asgiref", specifier = "==3.4.1" },
    { name = "django", specifier = "==4.0.6" },
    { name = "legacy-cgi", specifier = ">=2.6" },
    { name = "pytz", specifier = "==2021.1" },
    { name = "sqlparse", specifier = "==0.4.2" },
]

[[package]]
name = "legacy-cgi"
version = "2.6.4"
source = { registry = "https://pypi.org/simple" }
sdist = { url = "https://files.pythonhosted.org/packages/f4/9c/91c7d2c5ebbdf0a1a510bfa0ddeaa2fbb5b78677df5ac0a0aa51cf7125b0/legacy_cgi-2.6.4.tar.gz", hash = "sha256:abb9dfc7835772f7c9317977c63253fd22a7484b5c9bbcdca60a29dcce97c577", size = 24603, upload-time = "2025-10-27T05:20:05.395Z" }
wheels = [
    { url = "https://files.pythonhosted.org/packages/8c/7e/e7394eeb49a41cc514b3eb49020223666cbf40d86f5721c2f07871e6d84a/legacy_cgi-2.6.4-py3-none-any.whl", hash = "sha256:7e235ce58bf1e25d1fc9b2d299015e4e2cd37305eccafec1e6bac3fc04b878cd", size = 20035, upload-time = "2025-10-27T05:20:04.289Z" },
]

[[package]]
name = "pytz"
version = "2021.1"
source = { registry = "https://pypi.org/simple" }
sdist = { url = "https://files.pythonhosted.org/packages/b0/61/eddc6eb2c682ea6fd97a7e1018a6294be80dba08fa28e7a3570148b4612d/pytz-2021.1.tar.gz", hash = "sha256:83a4a90894bf38e243cf052c8b58f381bfe9a7a483f6a9cab140bc7f702ac4da", size = 317945, upload-time = "2021-02-01T08:07:19.773Z" }
wheels = [
    { url = "https://files.pythonhosted.org/packages/70/94/784178ca5dd892a98f113cdd923372024dc04b8d40abe77ca76b5fb90ca6/pytz-2021.1-py2.py3-none-any.whl", hash = "sha256:eb10ce3e7736052ed3623d49975ce333bcd712c7bb19a58b9e2089d4057d0798", size = 510782, upload-time = "2021-02-01T08:07:15.659Z" },
]

[[package]]
name = "sqlparse"
version = "0.4.2"
source = { registry = "https://pypi.org/simple" }
sdist = { url = "https://files.pythonhosted.org/packages/32/fe/8a8575debfd924c8160295686a7ea661107fc34d831429cce212b6442edb/sqlparse-0.4.2.tar.gz", hash = "sha256:0c00730c74263a94e5a9919ade150dfc3b19c574389985446148402998287dae", size = 67771, upload-time = "2021-09-10T06:51:58.92Z" }
wheels = [
    { url = "https://files.pythonhosted.org/packages/05/40/d836d55fb3f467243ee839ab7b814822fda522cd395fa41e282684e71ee5/sqlparse-0.4.2-py3-none-any.whl", hash = "sha256:48719e356bb8b42991bdbb1e8b83223757b93789c00910a616a071910ca4a64d", size = 42309, upload-time = "2021-09-10T06:51:56.892Z" },
]

[[package]]
name = "tzdata"
version = "2026.2"
source = { registry = "https://pypi.org/simple" }
sdist = { url = "https://files.pythonhosted.org/packages/ba/19/1b9b0e29f30c6d35cb345486df41110984ea67ae69dddbc0e8a100999493/tzdata-2026.2.tar.gz", hash = "sha256:9173fde7d80d9018e02a662e168e5a2d04f87c41ea174b139fbef642eda62d10", size = 198254, upload-time = "2026-04-24T15:22:08.651Z" }
wheels = [
    { url = "https://files.pythonhosted.org/packages/ce/e4/dccd7f47c4b64213ac01ef921a1337ee6e30e8c6466046018326977efd95/tzdata-2026.2-py2.py3-none-any.whl", hash = "sha256:bbe9af844f658da81a5f95019480da3a89415801f6cc966806612cc7169bffe7", size = 349321, upload-time = "2026-04-24T15:22:05.876Z" },
]
